
Microsoft Visual Studio Solution File, Format Version 12.00
# Visual Studio Version 16
VisualStudioVersion = 16.0.31624.102
MinimumVisualStudioVersion = 10.0.40219.1
Project("{FAE04EC0-301F-11D3-BF4B-00C04F79EFBC}") = "SEDC.HomeWork.Class3", "SEDC.HomeWork.Class3\SEDC.HomeWork.Class3.csproj", "{F1018486-4384-446F-A003-9F1DD3B51228}"
EndProject
Global
	GlobalSection(SolutionConfigurationPlatforms) = preSolution
		Debug|Any CPU = Debug|Any CPU
		Release|Any CPU = Release|Any CPU
	EndGlobalSection
	GlobalSection(ProjectConfigurationPlatforms) = postSolution
		{F1018486-4384-446F-A003-9F1DD3B51228}.Debug|Any CPU.ActiveCfg = Debug|Any CPU
		{F1018486-4384-446F-A003-9F1DD3B51228}.Debug|Any CPU.Build.0 = Debug|Any CPU
		{F1018486-4384-446F-A003-9F1DD3B51228}.Release|Any CPU.ActiveCfg = Release|Any CPU
		{F1018486-4384-446F-A003-9F1DD3B51228}.Release|Any CPU.Build.0 = Release|Any CPU
	EndGlobalSection
	GlobalSection(SolutionProperties) = preSolution
		HideSolutionNode = FALSE
	EndGlobalSection
	GlobalSection(ExtensibilityGlobals) = postSolution
		SolutionGuid = {457873FF-B78E-47D9-92E1-9D9B2AF38769}
	EndGlobalSection
EndGlobal
